// !$*UTF8*$!
{
	archiveVersion = 1;
	classes = {
	};
	objectVersion = 55;
	objects = {

/* Begin PBXBuildFile section */
		944A2DB92906CFDE008F430F /* AppDelegate.swift in Sources */ = {isa = PBXBuildFile; fileRef = 944A2DB82906CFDE008F430F /* AppDelegate.swift */; };
		944A2DBB2906CFDE008F430F /* SceneDelegate.swift in Sources */ = {isa = PBXBuildFile; fileRef = 944A2DBA2906CFDE008F430F /* SceneDelegate.swift */; };
		944A2DBD2906CFDE008F430F /* ViewController.swift in Sources */ = {isa = PBXBuildFile; fileRef = 944A2DBC2906CFDE008F430F /* ViewController.swift */; };
		944A2DC02906CFDE008F430F /* Main.storyboard in Resources */ = {isa = PBXBuildFile; fileRef = 944A2DBE2906CFDE008F430F /* Main.storyboard */; };
		944A2DC22906CFE2008F430F /* Assets.xcassets in Resources */ = {isa = PBXBuildFile; fileRef = 944A2DC12906CFE2008F430F /* Assets.xcassets */; };
		944A2DC52906CFE2008F430F /* LaunchScreen.storyboard in Resources */ = {isa = PBXBuildFile; fileRef = 944A2DC32906CFE2008F430F /* LaunchScreen.storyboard */; };
		944A2DD02906CFE2008F430F /* MyDietDiaryAppTests.swift in Sources */ = {isa = PBXBuildFile; fileRef = 944A2DCF2906CFE2008F430F /* MyDietDiaryAppTests.swift */; };
		944A2DDA2906CFE2008F430F /* MyDietDiaryAppUITests.swift in Sources */ = {isa = PBXBuildFile; fileRef = 944A2DD92906CFE2008F430F /* MyDietDiaryAppUITests.swift */; };
		944A2DDC2906CFE2008F430F /* MyDietDiaryAppUITestsLaunchTests.swift in Sources */ = {isa = PBXBuildFile; fileRef = 944A2DDB2906CFE2008F430F /* MyDietDiaryAppUITestsLaunchTests.swift */; };
		944A2DE92906D123008F430F /* MainTabBarController.swift in Sources */ = {isa = PBXBuildFile; fileRef = 944A2DE82906D123008F430F /* MainTabBarController.swift */; };
		944A2DEB2906D1E2008F430F /* CalendarViewController.swift in Sources */ = {isa = PBXBuildFile; fileRef = 944A2DEA2906D1E2008F430F /* CalendarViewController.swift */; };
		944A2DED2906D22B008F430F /* GraphViewController.swift in Sources */ = {isa = PBXBuildFile; fileRef = 944A2DEC2906D22B008F430F /* GraphViewController.swift */; };
/* End PBXBuildFile section */

/* Begin PBXContainerItemProxy section */
		944A2DCC2906CFE2008F430F /* PBXContainerItemProxy */ = {
			isa = PBXContainerItemProxy;
			containerPortal = 944A2DAD2906CFDE008F430F /* Project object */;
			proxyType = 1;
			remoteGlobalIDString = 944A2DB42906CFDE008F430F;
			remoteInfo = MyDietDiaryApp;
		};
		944A2DD62906CFE2008F430F /* PBXContainerItemProxy */ = {
			isa = PBXContainerItemProxy;
			containerPortal = 944A2DAD2906CFDE008F430F /* Project object */;
			proxyType = 1;
			remoteGlobalIDString = 944A2DB42906CFDE008F430F;
			remoteInfo = MyDietDiaryApp;
		};
/* End PBXContainerItemProxy section */

/* Begin PBXFileReference section */
		944A2DB52906CFDE008F430F /* MyDietDiaryApp.app */ = {isa = PBXFileReference; explicitFileType = wrapper.application; includeInIndex = 0; path = MyDietDiaryApp.app; sourceTree = BUILT_PRODUCTS_DIR; };
		944A2DB82906CFDE008F430F /* AppDelegate.swift */ = {isa = PBXFileReference; lastKnownFileType = sourcecode.swift; path = AppDelegate.swift; sourceTree = "<group>"; };
		944A2DBA2906CFDE008F430F /* SceneDelegate.swift */ = {isa = PBXFileReference; lastKnownFileType = sourcecode.swift; path = SceneDelegate.swift; sourceTree = "<group>"; };
		944A2DBC2906CFDE008F430F /* ViewController.swift */ = {isa = PBXFileReference; lastKnownFileType = sourcecode.swift; path = ViewController.swift; sourceTree = "<group>"; };
		944A2DBF2906CFDE008F430F /* Base */ = {isa = PBXFileReference; lastKnownFileType = file.storyboard; name = Base; path = Base.lproj/Main.storyboard; sourceTree = "<group>"; };
		944A2DC12906CFE2008F430F /* Assets.xcassets */ = {isa = PBXFileReference; lastKnownFileType = folder.assetcatalog; path = Assets.xcassets; sourceTree = "<group>"; };
		944A2DC42906CFE2008F430F /* Base */ = {isa = PBXFileReference; lastKnownFileType = file.storyboard; name = Base; path = Base.lproj/LaunchScreen.storyboard; sourceTree = "<group>"; };
		944A2DC62906CFE2008F430F /* Info.plist */ = {isa = PBXFileReference; lastKnownFileType = text.plist.xml; path = Info.plist; sourceTree = "<group>"; };
		944A2DCB2906CFE2008F430F /* MyDietDiaryAppTests.xctest */ = {isa = PBXFileReference; explicitFileType = wrapper.cfbundle; includeInIndex = 0; path = MyDietDiaryAppTests.xctest; sourceTree = BUILT_PRODUCTS_DIR; };
		944A2DCF2906CFE2008F430F /* MyDietDiaryAppTests.swift */ = {isa = PBXFileReference; lastKnownFileType = sourcecode.swift; path = MyDietDiaryAppTests.swift; sourceTree = "<group>"; };
		944A2DD52906CFE2008F430F /* MyDietDiaryAppUITests.xctest */ = {isa = PBXFileReference; explicitFileType = wrapper.cfbundle; includeInIndex = 0; path = MyDietDiaryAppUITests.xctest; sourceTree = BUILT_PRODUCTS_DIR; };
		944A2DD92906CFE2008F430F /* MyDietDiaryAppUITests.swift */ = {isa = PBXFileReference; lastKnownFileType = sourcecode.swift; path = MyDietDiaryAppUITests.swift; sourceTree = "<group>"; };
		944A2DDB2906CFE2008F430F /* MyDietDiaryAppUITestsLaunchTests.swift */ = {isa = PBXFileReference; lastKnownFileType = sourcecode.swift; path = MyDietDiaryAppUITestsLaunchTests.swift; sourceTree = "<group>"; };
		944A2DE82906D123008F430F /* MainTabBarController.swift */ = {isa = PBXFileReference; lastKnownFileType = sourcecode.swift; path = MainTabBarController.swift; sourceTree = "<group>"; };
		944A2DEA2906D1E2008F430F /* CalendarViewController.swift */ = {isa = PBXFileReference; lastKnownFileType = sourcecode.swift; path = CalendarViewController.swift; sourceTree = "<group>"; };
		944A2DEC2906D22B008F430F /* GraphViewController.swift */ = {isa = PBXFileReference; lastKnownFileType = sourcecode.swift; path = GraphViewController.swift; sourceTree = "<group>"; };
/* End PBXFileReference section */

/* Begin PBXFrameworksBuildPhase section */
		944A2DB22906CFDE008F430F /* Frameworks */ = {
			isa = PBXFrameworksBuildPhase;
			buildActionMask = 2147483647;
			files = (
			);
			runOnlyForDeploymentPostprocessing = 0;
		};
		944A2DC82906CFE2008F430F /* Frameworks */ = {
			isa = PBXFrameworksBuildPhase;
			buildActionMask = 2147483647;
			files = (
			);
			runOnlyForDeploymentPostprocessing = 0;
		};
		944A2DD22906CFE2008F430F /* Frameworks */ = {
			isa = PBXFrameworksBuildPhase;
			buildActionMask = 2147483647;
			files = (
			);
			runOnlyForDeploymentPostprocessing = 0;
		};
/* End PBXFrameworksBuildPhase section */

/* Begin PBXGroup section */
		944A2DAC2906CFDE008F430F = {
			isa = PBXGroup;
			children = (
				944A2DB72906CFDE008F430F /* MyDietDiaryApp */,
				944A2DCE2906CFE2008F430F /* MyDietDiaryAppTests */,
				944A2DD82906CFE2008F430F /* MyDietDiaryAppUITests */,
				944A2DB62906CFDE008F430F /* Products */,
			);
			sourceTree = "<group>";
		};
		944A2DB62906CFDE008F430F /* Products */ = {
			isa = PBXGroup;
			children = (
				944A2DB52906CFDE008F430F /* MyDietDiaryApp.app */,
				944A2DCB2906CFE2008F430F /* MyDietDiaryAppTests.xctest */,
				944A2DD52906CFE2008F430F /* MyDietDiaryAppUITests.xctest */,
			);
			name = Products;
			sourceTree = "<group>";
		};
		944A2DB72906CFDE008F430F /* MyDietDiaryApp */ = {
			isa = PBXGroup;
			children = (
				944A2DB82906CFDE008F430F /* AppDelegate.swift */,
				944A2DBA2906CFDE008F430F /* SceneDelegate.swift */,
				944A2DBC2906CFDE008F430F /* ViewController.swift */,
				944A2DBE2906CFDE008F430F /* Main.storyboard */,
				944A2DC12906CFE2008F430F /* Assets.xcassets */,
				944A2DC32906CFE2008F430F /* LaunchScreen.storyboard */,
				944A2DC62906CFE2008F430F /* Info.plist */,
				944A2DE82906D123008F430F /* MainTabBarController.swift */,
				944A2DEA2906D1E2008F430F /* CalendarViewController.swift */,
				944A2DEC2906D22B008F430F /* GraphViewController.swift */,
			);
			path = MyDietDiaryApp;
			sourceTree = "<group>";
		};
		944A2DCE2906CFE2008F430F /* MyDietDiaryAppTests */ = {
			isa = PBXGroup;
			children = (
				944A2DCF2906CFE2008F430F /* MyDietDiaryAppTests.swift */,
			);
			path = MyDietDiaryAppTests;
			sourceTree = "<group>";
		};
		944A2DD82906CFE2008F430F /* MyDietDiaryAppUITests */ = {
			isa = PBXGroup;
			children = (
				944A2DD92906CFE2008F430F /* MyDietDiaryAppUITests.swift */,
				944A2DDB2906CFE2008F430F /* MyDietDiaryAppUITestsLaunchTests.swift */,
			);
			path = MyDietDiaryAppUITests;
			sourceTree = "<group>";
		};
/* End PBXGroup section */

/* Begin PBXNativeTarget section */
		944A2DB42906CFDE008F430F /* MyDietDiaryApp */ = {
			isa = PBXNativeTarget;
			buildConfigurationList = 944A2DDF2906CFE2008F430F /* Build configuration list for PBXNativeTarget "MyDietDiaryApp" */;
			buildPhases = (
				944A2DB12906CFDE008F430F /* Sources */,
				944A2DB22906CFDE008F430F /* Frameworks */,
				944A2DB32906CFDE008F430F /* Resources */,
			);
			buildRules = (
			);
			dependencies = (
			);
			name = MyDietDiaryApp;
			productName = MyDietDiaryApp;
			productReference = 944A2DB52906CFDE008F430F /* MyDietDiaryApp.app */;
			productType = "com.apple.product-type.application";
		};
		944A2DCA2906CFE2008F430F /* MyDietDiaryAppTests */ = {
			isa = PBXNativeTarget;
			buildConfigurationList = 944A2DE22906CFE2008F430F /* Build configuration list for PBXNativeTarget "MyDietDiaryAppTests" */;
			buildPhases = (
				944A2DC72906CFE2008F430F /* Sources */,
				944A2DC82906CFE2008F430F /* Frameworks */,
				944A2DC92906CFE2008F430F /* Resources */,
			);
			buildRules = (
			);
			dependencies = (
				944A2DCD2906CFE2008F430F /* PBXTargetDependency */,
			);
			name = MyDietDiaryAppTests;
			productName = MyDietDiaryAppTests;
			productReference = 944A2DCB2906CFE2008F430F /* MyDietDiaryAppTests.xctest */;
			productType = "com.apple.product-type.bundle.unit-test";
		};
		944A2DD42906CFE2008F430F /* MyDietDiaryAppUITests */ = {
			isa = PBXNativeTarget;
			buildConfigurationList = 944A2DE52906CFE2008F430F /* Build configuration list for PBXNativeTarget "MyDietDiaryAppUITests" */;
			buildPhases = (
				944A2DD12906CFE2008F430F /* Sources */,
				944A2DD22906CFE2008F430F /* Frameworks */,
				944A2DD32906CFE2008F430F /* Resources */,
			);
			buildRules = (
			);
			dependencies = (
				944A2DD72906CFE2008F430F /* PBXTargetDependency */,
			);
			name = MyDietDiaryAppUITests;
			productName = MyDietDiaryAppUITests;
			productReference = 944A2DD52906CFE2008F430F /* MyDietDiaryAppUITests.xctest */;
			productType = "com.apple.product-type.bundle.ui-testing";
		};
/* End PBXNativeTarget section */

/* Begin PBXProject section */
		944A2DAD2906CFDE008F430F /* Project object */ = {
			isa = PBXProject;
			attributes = {
				BuildIndependentTargetsInParallel = 1;
				LastSwiftUpdateCheck = 1340;
				LastUpgradeCheck = 1340;
				TargetAttributes = {
					944A2DB42906CFDE008F430F = {
						CreatedOnToolsVersion = 13.4.1;
					};
					944A2DCA2906CFE2008F430F = {
						CreatedOnToolsVersion = 13.4.1;
						TestTargetID = 944A2DB42906CFDE008F430F;
					};
					944A2DD42906CFE2008F430F = {
						CreatedOnToolsVersion = 13.4.1;
						TestTargetID = 944A2DB42906CFDE008F430F;
					};
				};
			};
			buildConfigurationList = 944A2DB02906CFDE008F430F /* Build configuration list for PBXProject "MyDietDiaryApp" */;
			compatibilityVersion = "Xcode 13.0";
			developmentRegion = en;
			hasScannedForEncodings = 0;
			knownRegions = (
				en,
				Base,
			);
			mainGroup = 944A2DAC2906CFDE008F430F;
			productRefGroup = 944A2DB62906CFDE008F430F /* Products */;
			projectDirPath = "";
			projectRoot = "";
			targets = (
				944A2DB42906CFDE008F430F /* MyDietDiaryApp */,
				944A2DCA2906CFE2008F430F /* MyDietDiaryAppTests */,
				944A2DD42906CFE2008F430F /* MyDietDiaryAppUITests */,
			);
		};
/* End PBXProject section */

/* Begin PBXResourcesBuildPhase section */
		944A2DB32906CFDE008F430F /* Resources */ = {
			isa = PBXResourcesBuildPhase;
			buildActionMask = 2147483647;
			files = (
				944A2DC52906CFE2008F430F /* LaunchScreen.storyboard in Resources */,
				944A2DC22906CFE2008F430F /* Assets.xcassets in Resources */,
				944A2DC02906CFDE008F430F /* Main.storyboard in Resources */,
			);
			runOnlyForDeploymentPostprocessing = 0;
		};
		944A2DC92906CFE2008F430F /* Resources */ = {
			isa = PBXResourcesBuildPhase;
			buildActionMask = 2147483647;
			files = (
			);
			runOnlyForDeploymentPostprocessing = 0;
		};
		944A2DD32906CFE2008F430F /* Resources */ = {
			isa = PBXResourcesBuildPhase;
			buildActionMask = 2147483647;
			files = (
			);
			runOnlyForDeploymentPostprocessing = 0;
		};
/* End PBXResourcesBuildPhase section */

/* Begin PBXSourcesBuildPhase section */
		944A2DB12906CFDE008F430F /* Sources */ = {
			isa = PBXSourcesBuildPhase;
			buildActionMask = 2147483647;
			files = (
				944A2DEB2906D1E2008F430F /* CalendarViewController.swift in Sources */,
				944A2DBD2906CFDE008F430F /* ViewController.swift in Sources */,
				944A2DB92906CFDE008F430F /* AppDelegate.swift in Sources */,
				944A2DED2906D22B008F430F /* GraphViewController.swift in Sources */,
				944A2DE92906D123008F430F /* MainTabBarController.swift in Sources */,
				944A2DBB2906CFDE008F430F /* SceneDelegate.swift in Sources */,
			);
			runOnlyForDeploymentPostprocessing = 0;
		};
		944A2DC72906CFE2008F430F /* Sources */ = {
			isa = PBXSourcesBuildPhase;
			buildActionMask = 2147483647;
			files = (
				944A2DD02906CFE2008F430F /* MyDietDiaryAppTests.swift in Sources */,
			);
			runOnlyForDeploymentPostprocessing = 0;
		};
		944A2DD12906CFE2008F430F /* Sources */ = {
			isa = PBXSourcesBuildPhase;
			buildActionMask = 2147483647;
			files = (
				944A2DDC2906CFE2008F430F /* MyDietDiaryAppUITestsLaunchTests.swift in Sources */,
				944A2DDA2906CFE2008F430F /* MyDietDiaryAppUITests.swift in Sources */,
			);
			runOnlyForDeploymentPostprocessing = 0;
		};
/* End PBXSourcesBuildPhase section */

/* Begin PBXTargetDependency section */
		944A2DCD2906CFE2008F430F /* PBXTargetDependency */ = {
			isa = PBXTargetDependency;
			target = 944A2DB42906CFDE008F430F /* MyDietDiaryApp */;
			targetProxy = 944A2DCC2906CFE2008F430F /* PBXContainerItemProxy */;
		};
		944A2DD72906CFE2008F430F /* PBXTargetDependency */ = {
			isa = PBXTargetDependency;
			target = 944A2DB42906CFDE008F430F /* MyDietDiaryApp */;
			targetProxy = 944A2DD62906CFE2008F430F /* PBXContainerItemProxy */;
		};
/* End PBXTargetDependency section */

/* Begin PBXVariantGroup section */
		944A2DBE2906CFDE008F430F /* Main.storyboard */ = {
			isa = PBXVariantGroup;
			children = (
				944A2DBF2906CFDE008F430F /* Base */,
			);
			name = Main.storyboard;
			sourceTree = "<group>";
		};
		944A2DC32906CFE2008F430F /* LaunchScreen.storyboard */ = {
			isa = PBXVariantGroup;
			children = (
				944A2DC42906CFE2008F430F /* Base */,
			);
			name = LaunchScreen.storyboard;
			sourceTree = "<group>";
		};
/* End PBXVariantGroup section */

/* Begin XCBuildConfiguration section */
		944A2DDD2906CFE2008F430F /* Debug */ = {
			isa = XCBuildConfiguration;
			buildSettings = {
				ALWAYS_SEARCH_USER_PATHS = NO;
				CLANG_ANALYZER_NONNULL = YES;
				CLANG_ANALYZER_NUMBER_OBJECT_CONVERSION = YES_AGGRESSIVE;
				CLANG_CXX_LANGUAGE_STANDARD = "gnu++17";
				CLANG_ENABLE_MODULES = YES;
				CLANG_ENABLE_OBJC_ARC = YES;
				CLANG_ENABLE_OBJC_WEAK = YES;
				CLANG_WARN_BLOCK_CAPTURE_AUTORELEASING = YES;
				CLANG_WARN_BOOL_CONVERSION = YES;
				CLANG_WARN_COMMA = YES;
				CLANG_WARN_CONSTANT_CONVERSION = YES;
				CLANG_WARN_DEPRECATED_OBJC_IMPLEMENTATIONS = YES;
				CLANG_WARN_DIRECT_OBJC_ISA_USAGE = YES_ERROR;
				CLANG_WARN_DOCUMENTATION_COMMENTS = YES;
				CLANG_WARN_EMPTY_BODY = YES;
				CLANG_WARN_ENUM_CONVERSION = YES;
				CLANG_WARN_INFINITE_RECURSION = YES;
				CLANG_WARN_INT_CONVERSION = YES;
				CLANG_WARN_NON_LITERAL_NULL_CONVERSION = YES;
				CLANG_WARN_OBJC_IMPLICIT_RETAIN_SELF = YES;
				CLANG_WARN_OBJC_LITERAL_CONVERSION = YES;
				CLANG_WARN_OBJC_ROOT_CLASS = YES_ERROR;
				CLANG_WARN_QUOTED_INCLUDE_IN_FRAMEWORK_HEADER = YES;
				CLANG_WARN_RANGE_LOOP_ANALYSIS = YES;
				CLANG_WARN_STRICT_PROTOTYPES = YES;
				CLANG_WARN_SUSPICIOUS_MOVE = YES;
				CLANG_WARN_UNGUARDED_AVAILABILITY = YES_AGGRESSIVE;
				CLANG_WARN_UNREACHABLE_CODE = YES;
				CLANG_WARN__DUPLICATE_METHOD_MATCH = YES;
				COPY_PHASE_STRIP = NO;
				DEBUG_INFORMATION_FORMAT = dwarf;
				ENABLE_STRICT_OBJC_MSGSEND = YES;
				ENABLE_TESTABILITY = YES;
				GCC_C_LANGUAGE_STANDARD = gnu11;
				GCC_DYNAMIC_NO_PIC = NO;
				GCC_NO_COMMON_BLOCKS = YES;
				GCC_OPTIMIZATION_LEVEL = 0;
				GCC_PREPROCESSOR_DEFINITIONS = (
					"DEBUG=1",
					"$(inherited)",
				);
				GCC_WARN_64_TO_32_BIT_CONVERSION = YES;
				GCC_WARN_ABOUT_RETURN_TYPE = YES_ERROR;
				GCC_WARN_UNDECLARED_SELECTOR = YES;
				GCC_WARN_UNINITIALIZED_AUTOS = YES_AGGRESSIVE;
				GCC_WARN_UNUSED_FUNCTION = YES;
				GCC_WARN_UNUSED_VARIABLE = YES;
				IPHONEOS_DEPLOYMENT_TARGET = 15.5;
				MTL_ENABLE_DEBUG_INFO = INCLUDE_SOURCE;
				MTL_FAST_MATH = YES;
				ONLY_ACTIVE_ARCH = YES;
				SDKROOT = iphoneos;
				SWIFT_ACTIVE_COMPILATION_CONDITIONS = DEBUG;
				SWIFT_OPTIMIZATION_LEVEL = "-Onone";
			};
			name = Debug;
		};
		944A2DDE2906CFE2008F430F /* Release */ = {
			isa = XCBuildConfiguration;
			buildSettings = {
				ALWAYS_SEARCH_USER_PATHS = NO;
				CLANG_ANALYZER_NONNULL = YES;
				CLANG_ANALYZER_NUMBER_OBJECT_CONVERSION = YES_AGGRESSIVE;
				CLANG_CXX_LANGUAGE_STANDARD = "gnu++17";
				CLANG_ENABLE_MODULES = YES;
				CLANG_ENABLE_OBJC_ARC = YES;
				CLANG_ENABLE_OBJC_WEAK = YES;
				CLANG_WARN_BLOCK_CAPTURE_AUTORELEASING = YES;
				CLANG_WARN_BOOL_CONVERSION = YES;
				CLANG_WARN_COMMA = YES;
				CLANG_WARN_CONSTANT_CONVERSION = YES;
				CLANG_WARN_DEPRECATED_OBJC_IMPLEMENTATIONS = YES;
				CLANG_WARN_DIRECT_OBJC_ISA_USAGE = YES_ERROR;
				CLANG_WARN_DOCUMENTATION_COMMENTS = YES;
				CLANG_WARN_EMPTY_BODY = YES;
				CLANG_WARN_ENUM_CONVERSION = YES;
				CLANG_WARN_INFINITE_RECURSION = YES;
				CLANG_WARN_INT_CONVERSION = YES;
				CLANG_WARN_NON_LITERAL_NULL_CONVERSION = YES;
				CLANG_WARN_OBJC_IMPLICIT_RETAIN_SELF = YES;
				CLANG_WARN_OBJC_LITERAL_CONVERSION = YES;
				CLANG_WARN_OBJC_ROOT_CLASS = YES_ERROR;
				CLANG_WARN_QUOTED_INCLUDE_IN_FRAMEWORK_HEADER = YES;
				CLANG_WARN_RANGE_LOOP_ANALYSIS = YES;
				CLANG_WARN_STRICT_PROTOTYPES = YES;
				CLANG_WARN_SUSPICIOUS_MOVE = YES;
				CLANG_WARN_UNGUARDED_AVAILABILITY = YES_AGGRESSIVE;
				CLANG_WARN_UNREACHABLE_CODE = YES;
				CLANG_WARN__DUPLICATE_METHOD_MATCH = YES;
				COPY_PHASE_STRIP = NO;
				DEBUG_INFORMATION_FORMAT = "dwarf-with-dsym";
				ENABLE_NS_ASSERTIONS = NO;
				ENABLE_STRICT_OBJC_MSGSEND = YES;
				GCC_C_LANGUAGE_STANDARD = gnu11;
				GCC_NO_COMMON_BLOCKS = YES;
				GCC_WARN_64_TO_32_BIT_CONVERSION = YES;
				GCC_WARN_ABOUT_RETURN_TYPE = YES_ERROR;
				GCC_WARN_UNDECLARED_SELECTOR = YES;
				GCC_WARN_UNINITIALIZED_AUTOS = YES_AGGRESSIVE;
				GCC_WARN_UNUSED_FUNCTION = YES;
				GCC_WARN_UNUSED_VARIABLE = YES;
				IPHONEOS_DEPLOYMENT_TARGET = 15.5;
				MTL_ENABLE_DEBUG_INFO = NO;
				MTL_FAST_MATH = YES;
				SDKROOT = iphoneos;
				SWIFT_COMPILATION_MODE = wholemodule;
				SWIFT_OPTIMIZATION_LEVEL = "-O";
				VALIDATE_PRODUCT = YES;
			};
			name = Release;
		};
		944A2DE02906CFE2008F430F /* Debug */ = {
			isa = XCBuildConfiguration;
			buildSettings = {
				ASSETCATALOG_COMPILER_APPICON_NAME = AppIcon;
				ASSETCATALOG_COMPILER_GLOBAL_ACCENT_COLOR_NAME = AccentColor;
				CODE_SIGN_STYLE = Automatic;
				CURRENT_PROJECT_VERSION = 1;
				DEVELOPMENT_TEAM = 5VT5JWC2GU;
				GENERATE_INFOPLIST_FILE = YES;
				INFOPLIST_FILE = MyDietDiaryApp/Info.plist;
				INFOPLIST_KEY_UIApplicationSupportsIndirectInputEvents = YES;
				INFOPLIST_KEY_UILaunchStoryboardName = LaunchScreen;
				INFOPLIST_KEY_UIMainStoryboardFile = Main;
				INFOPLIST_KEY_UISupportedInterfaceOrientations_iPad = "UIInterfaceOrientationPortrait UIInterfaceOrientationPortraitUpsideDown UIInterfaceOrientationLandscapeLeft UIInterfaceOrientationLandscapeRight";
				INFOPLIST_KEY_UISupportedInterfaceOrientations_iPhone = "UIInterfaceOrientationPortrait UIInterfaceOrientationLandscapeLeft UIInterfaceOrientationLandscapeRight";
				LD_RUNPATH_SEARCH_PATHS = (
					"$(inherited)",
					"@executable_path/Frameworks",
				);
				MARKETING_VERSION = 1.0;
				PRODUCT_BUNDLE_IDENTIFIER = "com.ios-academia.MyDietDiaryApp";
				PRODUCT_NAME = "$(TARGET_NAME)";
				SWIFT_EMIT_LOC_STRINGS = YES;
				SWIFT_VERSION = 5.0;
				TARGETED_DEVICE_FAMILY = "1,2";
			};
			name = Debug;
		};
		944A2DE12906CFE2008F430F /* Release */ = {
			isa = XCBuildConfiguration;
			buildSettings = {
				ASSETCATALOG_COMPILER_APPICON_NAME = AppIcon;
				ASSETCATALOG_COMPILER_GLOBAL_ACCENT_COLOR_NAME = AccentColor;
				CODE_SIGN_STYLE = Automatic;
				CURRENT_PROJECT_VERSION = 1;
				DEVELOPMENT_TEAM = 5VT5JWC2GU;
				GENERATE_INFOPLIST_FILE = YES;
				INFOPLIST_FILE = MyDietDiaryApp/Info.plist;
				INFOPLIST_KEY_UIApplicationSupportsIndirectInputEvents = YES;
				INFOPLIST_KEY_UILaunchStoryboardName = LaunchScreen;
				INFOPLIST_KEY_UIMainStoryboardFile = Main;
				INFOPLIST_KEY_UISupportedInterfaceOrientations_iPad = "UIInterfaceOrientationPortrait UIInterfaceOrientationPortraitUpsideDown UIInterfaceOrientationLandscapeLeft UIInterfaceOrientationLandscapeRight";
				INFOPLIST_KEY_UISupportedInterfaceOrientations_iPhone = "UIInterfaceOrientationPortrait UIInterfaceOrientationLandscapeLeft UIInterfaceOrientationLandscapeRight";
				LD_RUNPATH_SEARCH_PATHS = (
					"$(inherited)",
					"@executable_path/Frameworks",
				);
				MARKETING_VERSION = 1.0;
				PRODUCT_BUNDLE_IDENTIFIER = "com.ios-academia.MyDietDiaryApp";
				PRODUCT_NAME = "$(TARGET_NAME)";
				SWIFT_EMIT_LOC_STRINGS = YES;
				SWIFT_VERSION = 5.0;
				TARGETED_DEVICE_FAMILY = "1,2";
			};
			name = Release;
		};
		944A2DE32906CFE2008F430F /* Debug */ = {
			isa = XCBuildConfiguration;
			buildSettings = {
				ALWAYS_EMBED_SWIFT_STANDARD_LIBRARIES = YES;
				BUNDLE_LOADER = "$(TEST_HOST)";
				CODE_SIGN_STYLE = Automatic;
				CURRENT_PROJECT_VERSION = 1;
				DEVELOPMENT_TEAM = 5VT5JWC2GU;
				GENERATE_INFOPLIST_FILE = YES;
				IPHONEOS_DEPLOYMENT_TARGET = 15.5;
				MARKETING_VERSION = 1.0;
				PRODUCT_BUNDLE_IDENTIFIER = "com.ios-academia.MyDietDiaryAppTests";
				PRODUCT_NAME = "$(TARGET_NAME)";
				SWIFT_EMIT_LOC_STRINGS = NO;
				SWIFT_VERSION = 5.0;
				TARGETED_DEVICE_FAMILY = "1,2";
				TEST_HOST = "$(BUILT_PRODUCTS_DIR)/MyDietDiaryApp.app/MyDietDiaryApp";
			};
			name = Debug;
		};
		944A2DE42906CFE2008F430F /* Release */ = {
			isa = XCBuildConfiguration;
			buildSettings = {
				ALWAYS_EMBED_SWIFT_STANDARD_LIBRARIES = YES;
				BUNDLE_LOADER = "$(TEST_HOST)";
				CODE_SIGN_STYLE = Automatic;
				CURRENT_PROJECT_VERSION = 1;
				DEVELOPMENT_TEAM = 5VT5JWC2GU;
				GENERATE_INFOPLIST_FILE = YES;
				IPHONEOS_DEPLOYMENT_TARGET = 15.5;
				MARKETING_VERSION = 1.0;
				PRODUCT_BUNDLE_IDENTIFIER = "com.ios-academia.MyDietDiaryAppTests";
				PRODUCT_NAME = "$(TARGET_NAME)";
				SWIFT_EMIT_LOC_STRINGS = NO;
				SWIFT_VERSION = 5.0;
				TARGETED_DEVICE_FAMILY = "1,2";
				TEST_HOST = "$(BUILT_PRODUCTS_DIR)/MyDietDiaryApp.app/MyDietDiaryApp";
			};
			name = Release;
		};
		944A2DE62906CFE2008F430F /* Debug */ = {
			isa = XCBuildConfiguration;
			buildSettings = {
				ALWAYS_EMBED_SWIFT_STANDARD_LIBRARIES = YES;
				CODE_SIGN_STYLE = Automatic;
				CURRENT_PROJECT_VERSION = 1;
				DEVELOPMENT_TEAM = 5VT5JWC2GU;
				GENERATE_INFOPLIST_FILE = YES;
				MARKETING_VERSION = 1.0;
				PRODUCT_BUNDLE_IDENTIFIER = "com.ios-academia.MyDietDiaryAppUITests";
				PRODUCT_NAME = "$(TARGET_NAME)";
				SWIFT_EMIT_LOC_STRINGS = NO;
				SWIFT_VERSION = 5.0;
				TARGETED_DEVICE_FAMILY = "1,2";
				TEST_TARGET_NAME = MyDietDiaryApp;
			};
			name = Debug;
		};
		944A2DE72906CFE2008F430F /* Release */ = {
			isa = XCBuildConfiguration;
			buildSettings = {
				ALWAYS_EMBED_SWIFT_STANDARD_LIBRARIES = YES;
				CODE_SIGN_STYLE = Automatic;
				CURRENT_PROJECT_VERSION = 1;
				DEVELOPMENT_TEAM = 5VT5JWC2GU;
				GENERATE_INFOPLIST_FILE = YES;
				MARKETING_VERSION = 1.0;
				PRODUCT_BUNDLE_IDENTIFIER = "com.ios-academia.MyDietDiaryAppUITests";
				PRODUCT_NAME = "$(TARGET_NAME)";
				SWIFT_EMIT_LOC_STRINGS = NO;
				SWIFT_VERSION = 5.0;
				TARGETED_DEVICE_FAMILY = "1,2";
				TEST_TARGET_NAME = MyDietDiaryApp;
			};
			name = Release;
		};
/* End XCBuildConfiguration section */

/* Begin XCConfigurationList section */
		944A2DB02906CFDE008F430F /* Build configuration list for PBXProject "MyDietDiaryApp" */ = {
			isa = XCConfigurationList;
			buildConfigurations = (
				944A2DDD2906CFE2008F430F /* Debug */,
				944A2DDE2906CFE2008F430F /* Release */,
			);
			defaultConfigurationIsVisible = 0;
			defaultConfigurationName = Release;
		};
		944A2DDF2906CFE2008F430F /* Build configuration list for PBXNativeTarget "MyDietDiaryApp" */ = {
			isa = XCConfigurationList;
			buildConfigurations = (
				944A2DE02906CFE2008F430F /* Debug */,
				944A2DE12906CFE2008F430F /* Release */,
			);
			defaultConfigurationIsVisible = 0;
			defaultConfigurationName = Release;
		};
		944A2DE22906CFE2008F430F /* Build configuration list for PBXNativeTarget "MyDietDiaryAppTests" */ = {
			isa = XCConfigurationList;
			buildConfigurations = (
				944A2DE32906CFE2008F430F /* Debug */,
				944A2DE42906CFE2008F430F /* Release */,
			);
			defaultConfigurationIsVisible = 0;
			defaultConfigurationName = Release;
		};
		944A2DE52906CFE2008F430F /* Build configuration list for PBXNativeTarget "MyDietDiaryAppUITests" */ = {
			isa = XCConfigurationList;
			buildConfigurations = (
				944A2DE62906CFE2008F430F /* Debug */,
				944A2DE72906CFE2008F430F /* Release */,
			);
			defaultConfigurationIsVisible = 0;
			defaultConfigurationName = Release;
		};
/* End XCConfigurationList section */
	};
	rootObject = 944A2DAD2906CFDE008F430F /* Project object */;
}
